github.com/davecgh/go-spew v1.1.0/go.mod h1:J7Y8YcW2NihsgmVo/mv3lAwl/skON4iLHjSsI+c5H38=
github.com/go-sql-driver/mysql v1.5.0 h1:ozyZYNQW3x3HtqT1jira07DN2PArx2v7/mN66gGcHOs=
github.com/go-sql-driver/mysql v1.5.0/go.mod h1:DCzpHaOWr8IXmIStZouvnhqoel9Qv2LBy8hT2VhHyBg=
github.com/jessevdk/go-flags v1.4.0 h1:4IU2WS7AumrZ/40jfhf4QVDMsQwqA7VEHozFRrGARJA=
github.com/jessevdk/go-flags v1.4.0/go.mod h1:4FA24M0QyGHXBuZZK/XkWh8h0e1EYbRYJSGM75WSRxI=
github.com/kazeburo/go-mysqlflags v0.0.1 h1:MVOK9gp4Nj1dfzz2dy+Lb8Y7UNQ44lz+EsP5L6m74FI=
github.com/kazeburo/go-mysqlflags v0.0.1/go.mod h1:NrgPdy8dfm8D/U4ej4YUst2X/YoTuBAAn3n0Fm2lmvA=
github.com/mackerelio/checkers v0.0.0-20190411030116-60cbd7b55456 h1:TN6fEPX3sQRkg4nvztTBYD0UTNEY5x52XMmBwT9HqLU=
github.com/mackerelio/checkers v0.0.0-20190411030116-60cbd7b55456/go.mod h1:diyNFS/RRid22TaIOKvNf0GfzpJ2Yo91JuKxg9Q8gGI=
github.com/percona/go-mysql v0.0.0-20200511222729-cd2547baca36 h1:j1o9HyH+5QLfKONVNRp6LCSYBJnIVKzSGrzTsrWXxsQ=
github.com/percona/go-mysql v0.0.0-20200511222729-cd2547baca36/go.mod h1:/SGLf9OMxlnK6jq4mkFiImBcJXXk5jwD+lDrwDaGXcw=
github.com/pkg/errors v0.9.1 h1:FEBLx1zS214owpjy7qsBeixbURkuhQAwrK5UwLGTwt4=
github.com/pkg/errors v0.9.1/go.mod h1:bwawxfHBFNV+L2hUp1rHADufV3IMtnDRdf1r5NINEl0=
github.com/pmezard/go-difflib v1.0.0/go.mod h1:iKH77koFhYxTK1pcRnkKkqfTogsbg7gZNVY4sRDYZ/4=
github.com/shirou/gopsutil v3.20.10+incompatible h1:kQuRhh6h6y4luXvnmtu/lJEGtdJ3q8lbu9NQY99GP+o=
github.com/shirou/gopsutil v3.20.10+incompatible/go.mod h1:5b4v6he4MtMOwMlS0TUMTu2PcXUg8+E1lC7eC3UO/RA=
github.com/stretchr/objx v0.1.0/go.mod h1:HFkY916IF+rwdDfMAkV7OtwuqBVzrE8GR6GFx+wExME=
github.com/stretchr/testify v1.6.1/go.mod h1:6Fq8oRcR53rry900zMqJjRRixrwX3KX962/h/Wwjteg=
github.com/vaughan0/go-ini v0.0.0-20130923145212-a98ad7ee00ec h1:DGmKwyZwEB8dI7tbLt/I/gQuP559o/0FrAkHKlQM/Ks=
github.com/vaughan0/go-ini v0.0.0-20130923145212-a98ad7ee00ec/go.mod h1:owBmyHYMLkxyrugmfwE/DLJyW8Ro9mkphwuVErQ0iUw=
github.com/ziutek/mymysql v1.5.4 h1:GB0qdRGsTwQSBVYuVShFBKaXSnSnYYC2d9knnE1LHFs=
github.com/ziutek/mymysql v1.5.4/go.mod h1:LMSpPZ6DbqWFxNCHW77HeMg9I646SAhApZ/wKdgO/C0=
golang.org/x/sys v0.0.0-20201126233918-771906719818 h1:f1CIuDlJhwANEC2MM87MBEVMr3jl5bifgsfj90XAF9c=
golang.org/x/sys v0.0.0-20201126233918-771906719818/go.mod h1:h1NjWce9XRLGQEsW7wpKNCjG9DtNlClVuFLEZdDNbEs=
gopkg.in/check.v1 v0.0.0-20161208181325-20d25e280405/go.mod h1:Co6ibVJAznAaIkqp8huTwlJQCZ016jof/cbN4VW5Yz0=
gopkg.in/yaml.v3 v3.0.0-20200313102051-9f266ea9e77c/go.mod h1:K4uyk7z7BCEPqu6E+C64Yfv1cQ7kz7rIZviUmN+EgEM=
